// !$*UTF8*$!
{
	archiveVersion = 1;
	classes = {
	};
	objectVersion = 52;
	objects = {

/* Begin PBXBuildFile section */
		BD310D012414387F00801041 /* PhotoDetailsController.swift in Sources */ = {isa = PBXBuildFile; fileRef = BD310D002414387F00801041 /* PhotoDetailsController.swift */; };
		BD3A43842413234D00C2B72E /* AppDelegate.swift in Sources */ = {isa = PBXBuildFile; fileRef = BD3A43832413234D00C2B72E /* AppDelegate.swift */; };
		BD3A43862413234D00C2B72E /* SceneDelegate.swift in Sources */ = {isa = PBXBuildFile; fileRef = BD3A43852413234D00C2B72E /* SceneDelegate.swift */; };
		BD3A43882413234D00C2B72E /* MainViewController.swift in Sources */ = {isa = PBXBuildFile; fileRef = BD3A43872413234D00C2B72E /* MainViewController.swift */; };
		BD3A438B2413234D00C2B72E /* Main.storyboard in Resources */ = {isa = PBXBuildFile; fileRef = BD3A43892413234D00C2B72E /* Main.storyboard */; };
		BD3A438D2413235000C2B72E /* Assets.xcassets in Resources */ = {isa = PBXBuildFile; fileRef = BD3A438C2413235000C2B72E /* Assets.xcassets */; };
		BD3A43902413235000C2B72E /* LaunchScreen.storyboard in Resources */ = {isa = PBXBuildFile; fileRef = BD3A438E2413235000C2B72E /* LaunchScreen.storyboard */; };
		BD3A43A1241325CB00C2B72E /* ParameterEncoder.swift in Sources */ = {isa = PBXBuildFile; fileRef = BD3A4399241325CB00C2B72E /* ParameterEncoder.swift */; };
		BD3A43A2241325CB00C2B72E /* URLParameterEncoder.swift in Sources */ = {isa = PBXBuildFile; fileRef = BD3A439A241325CB00C2B72E /* URLParameterEncoder.swift */; };
		BD3A43A3241325CB00C2B72E /* JSONParameterEncoder.swift in Sources */ = {isa = PBXBuildFile; fileRef = BD3A439B241325CB00C2B72E /* JSONParameterEncoder.swift */; };
		BD3A43A4241325CB00C2B72E /* Endpoint.swift in Sources */ = {isa = PBXBuildFile; fileRef = BD3A439D241325CB00C2B72E /* Endpoint.swift */; };
		BD3A43A5241325CB00C2B72E /* NetworkRouter.swift in Sources */ = {isa = PBXBuildFile; fileRef = BD3A439F241325CB00C2B72E /* NetworkRouter.swift */; };
		BD3A43A6241325CB00C2B72E /* Router.swift in Sources */ = {isa = PBXBuildFile; fileRef = BD3A43A0241325CB00C2B72E /* Router.swift */; };
		BD3A43A92413265500C2B72E /* PhotosApi.swift in Sources */ = {isa = PBXBuildFile; fileRef = BD3A43A82413265500C2B72E /* PhotosApi.swift */; };
		BD3A43AF24132C3500C2B72E /* Data+Extension.swift in Sources */ = {isa = PBXBuildFile; fileRef = BD3A43AE24132C3500C2B72E /* Data+Extension.swift */; };
		BD3A43B22413352500C2B72E /* PhotoStream.swift in Sources */ = {isa = PBXBuildFile; fileRef = BD3A43B12413352500C2B72E /* PhotoStream.swift */; };
		BD3A43B52414023300C2B72E /* PhotoItemCell.swift in Sources */ = {isa = PBXBuildFile; fileRef = BD3A43B42414023300C2B72E /* PhotoItemCell.swift */; };
		BDFD5B842414098E00E4C68A /* SDWebImage in Frameworks */ = {isa = PBXBuildFile; productRef = BDFD5B832414098E00E4C68A /* SDWebImage */; };
/* End PBXBuildFile section */

/* Begin PBXFileReference section */
		BD310D002414387F00801041 /* PhotoDetailsController.swift */ = {isa = PBXFileReference; lastKnownFileType = sourcecode.swift; path = PhotoDetailsController.swift; sourceTree = "<group>"; };
		BD3A43802413234D00C2B72E /* 500px Test.app */ = {isa = PBXFileReference; explicitFileType = wrapper.application; includeInIndex = 0; path = "500px Test.app"; sourceTree = BUILT_PRODUCTS_DIR; };
		BD3A43832413234D00C2B72E /* AppDelegate.swift */ = {isa = PBXFileReference; lastKnownFileType = sourcecode.swift; path = AppDelegate.swift; sourceTree = "<group>"; };
		BD3A43852413234D00C2B72E /* SceneDelegate.swift */ = {isa = PBXFileReference; lastKnownFileType = sourcecode.swift; path = SceneDelegate.swift; sourceTree = "<group>"; };
		BD3A43872413234D00C2B72E /* MainViewController.swift */ = {isa = PBXFileReference; lastKnownFileType = sourcecode.swift; path = MainViewController.swift; sourceTree = "<group>"; };
		BD3A438A2413234D00C2B72E /* Base */ = {isa = PBXFileReference; lastKnownFileType = file.storyboard; name = Base; path = Base.lproj/Main.storyboard; sourceTree = "<group>"; };
		BD3A438C2413235000C2B72E /* Assets.xcassets */ = {isa = PBXFileReference; lastKnownFileType = folder.assetcatalog; path = Assets.xcassets; sourceTree = "<group>"; };
		BD3A438F2413235000C2B72E /* Base */ = {isa = PBXFileReference; lastKnownFileType = file.storyboard; name = Base; path = Base.lproj/LaunchScreen.storyboard; sourceTree = "<group>"; };
		BD3A43912413235000C2B72E /* Info.plist */ = {isa = PBXFileReference; lastKnownFileType = text.plist.xml; path = Info.plist; sourceTree = "<group>"; };
		BD3A4399241325CB00C2B72E /* ParameterEncoder.swift */ = {isa = PBXFileReference; fileEncoding = 4; lastKnownFileType = sourcecode.swift; path = ParameterEncoder.swift; sourceTree = "<group>"; };
		BD3A439A241325CB00C2B72E /* URLParameterEncoder.swift */ = {isa = PBXFileReference; fileEncoding = 4; lastKnownFileType = sourcecode.swift; path = URLParameterEncoder.swift; sourceTree = "<group>"; };
		BD3A439B241325CB00C2B72E /* JSONParameterEncoder.swift */ = {isa = PBXFileReference; fileEncoding = 4; lastKnownFileType = sourcecode.swift; path = JSONParameterEncoder.swift; sourceTree = "<group>"; };
		BD3A439D241325CB00C2B72E /* Endpoint.swift */ = {isa = PBXFileReference; fileEncoding = 4; lastKnownFileType = sourcecode.swift; path = Endpoint.swift; sourceTree = "<group>"; };
		BD3A439F241325CB00C2B72E /* NetworkRouter.swift */ = {isa = PBXFileReference; fileEncoding = 4; lastKnownFileType = sourcecode.swift; path = NetworkRouter.swift; sourceTree = "<group>"; };
		BD3A43A0241325CB00C2B72E /* Router.swift */ = {isa = PBXFileReference; fileEncoding = 4; lastKnownFileType = sourcecode.swift; path = Router.swift; sourceTree = "<group>"; };
		BD3A43A82413265500C2B72E /* PhotosApi.swift */ = {isa = PBXFileReference; lastKnownFileType = sourcecode.swift; path = PhotosApi.swift; sourceTree = "<group>"; };
		BD3A43AE24132C3500C2B72E /* Data+Extension.swift */ = {isa = PBXFileReference; lastKnownFileType = sourcecode.swift; path = "Data+Extension.swift"; sourceTree = "<group>"; };
		BD3A43B12413352500C2B72E /* PhotoStream.swift */ = {isa = PBXFileReference; lastKnownFileType = sourcecode.swift; path = PhotoStream.swift; sourceTree = "<group>"; };
		BD3A43B42414023300C2B72E /* PhotoItemCell.swift */ = {isa = PBXFileReference; lastKnownFileType = sourcecode.swift; path = PhotoItemCell.swift; sourceTree = "<group>"; };
/* End PBXFileReference section */

/* Begin PBXFrameworksBuildPhase section */
		BD3A437D2413234D00C2B72E /* Frameworks */ = {
			isa = PBXFrameworksBuildPhase;
			buildActionMask = 2147483647;
			files = (
				BDFD5B842414098E00E4C68A /* SDWebImage in Frameworks */,
			);
			runOnlyForDeploymentPostprocessing = 0;
		};
/* End PBXFrameworksBuildPhase section */

/* Begin PBXGroup section */
		BD3A43772413234D00C2B72E = {
			isa = PBXGroup;
			children = (
				BD3A43822413234D00C2B72E /* 500px Test */,
				BD3A43812413234D00C2B72E /* Products */,
			);
			sourceTree = "<group>";
		};
		BD3A43812413234D00C2B72E /* Products */ = {
			isa = PBXGroup;
			children = (
				BD3A43802413234D00C2B72E /* 500px Test.app */,
			);
			name = Products;
			sourceTree = "<group>";
		};
		BD3A43822413234D00C2B72E /* 500px Test */ = {
			isa = PBXGroup;
			children = (
				BD3A43832413234D00C2B72E /* AppDelegate.swift */,
				BD3A43852413234D00C2B72E /* SceneDelegate.swift */,
				BD3A4397241325CB00C2B72E /* Networking */,
				BD3A43B02413351300C2B72E /* Model */,
				BD3A43B32414021100C2B72E /* Views */,
				BD4F5939241436FC0067D4DF /* Controller */,
				BD3A43AD24132C0F00C2B72E /* Extensions */,
				BD3A43892413234D00C2B72E /* Main.storyboard */,
				BD3A438C2413235000C2B72E /* Assets.xcassets */,
				BD3A438E2413235000C2B72E /* LaunchScreen.storyboard */,
				BD3A43912413235000C2B72E /* Info.plist */,
			);
			path = "500px Test";
			sourceTree = "<group>";
		};
		BD3A4397241325CB00C2B72E /* Networking */ = {
			isa = PBXGroup;
			children = (
				BD3A43A72413264700C2B72E /* API */,
				BD3A4398241325CB00C2B72E /* Encoding */,
				BD3A439C241325CB00C2B72E /* Endpoint */,
				BD3A439E241325CB00C2B72E /* Service */,
			);
			path = Networking;
			sourceTree = "<group>";
		};
		BD3A4398241325CB00C2B72E /* Encoding */ = {
			isa = PBXGroup;
			children = (
				BD3A4399241325CB00C2B72E /* ParameterEncoder.swift */,
				BD3A439A241325CB00C2B72E /* URLParameterEncoder.swift */,
				BD3A439B241325CB00C2B72E /* JSONParameterEncoder.swift */,
			);
			path = Encoding;
			sourceTree = "<group>";
		};
		BD3A439C241325CB00C2B72E /* Endpoint */ = {
			isa = PBXGroup;
			children = (
				BD3A439D241325CB00C2B72E /* Endpoint.swift */,
			);
			path = Endpoint;
			sourceTree = "<group>";
		};
		BD3A439E241325CB00C2B72E /* Service */ = {
			isa = PBXGroup;
			children = (
				BD3A439F241325CB00C2B72E /* NetworkRouter.swift */,
				BD3A43A0241325CB00C2B72E /* Router.swift */,
			);
			path = Service;
			sourceTree = "<group>";
		};
		BD3A43A72413264700C2B72E /* API */ = {
			isa = PBXGroup;
			children = (
				BD3A43A82413265500C2B72E /* PhotosApi.swift */,
			);
			path = API;
			sourceTree = "<group>";
		};
		BD3A43AD24132C0F00C2B72E /* Extensions */ = {
			isa = PBXGroup;
			children = (
				BD3A43AE24132C3500C2B72E /* Data+Extension.swift */,
			);
			path = Extensions;
			sourceTree = "<group>";
		};
		BD3A43B02413351300C2B72E /* Model */ = {
			isa = PBXGroup;
			children = (
				BD3A43B12413352500C2B72E /* PhotoStream.swift */,
			);
			path = Model;
			sourceTree = "<group>";
		};
		BD3A43B32414021100C2B72E /* Views */ = {
			isa = PBXGroup;
			children = (
				BD3A43B42414023300C2B72E /* PhotoItemCell.swift */,
			);
			path = Views;
			sourceTree = "<group>";
		};
		BD4F5939241436FC0067D4DF /* Controller */ = {
			isa = PBXGroup;
			children = (
				BD3A43872413234D00C2B72E /* MainViewController.swift */,
				BD310D002414387F00801041 /* PhotoDetailsController.swift */,
			);
			path = Controller;
			sourceTree = "<group>";
		};
/* End PBXGroup section */

/* Begin PBXNativeTarget section */
		BD3A437F2413234D00C2B72E /* 500px Test */ = {
			isa = PBXNativeTarget;
			buildConfigurationList = BD3A43942413235000C2B72E /* Build configuration list for PBXNativeTarget "500px Test" */;
			buildPhases = (
				BD3A437C2413234D00C2B72E /* Sources */,
				BD3A437D2413234D00C2B72E /* Frameworks */,
				BD3A437E2413234D00C2B72E /* Resources */,
			);
			buildRules = (
			);
			dependencies = (
			);
			name = "500px Test";
			packageProductDependencies = (
				BDFD5B832414098E00E4C68A /* SDWebImage */,
			);
			productName = "500px Test";
			productReference = BD3A43802413234D00C2B72E /* 500px Test.app */;
			productType = "com.apple.product-type.application";
		};
/* End PBXNativeTarget section */

/* Begin PBXProject section */
		BD3A43782413234D00C2B72E /* Project object */ = {
			isa = PBXProject;
			attributes = {
				LastSwiftUpdateCheck = 1130;
				LastUpgradeCheck = 1130;
				ORGANIZATIONNAME = "Viswa Kodela";
				TargetAttributes = {
					BD3A437F2413234D00C2B72E = {
						CreatedOnToolsVersion = 11.3.1;
					};
				};
			};
			buildConfigurationList = BD3A437B2413234D00C2B72E /* Build configuration list for PBXProject "500px Test" */;
			compatibilityVersion = "Xcode 9.3";
			developmentRegion = en;
			hasScannedForEncodings = 0;
			knownRegions = (
				en,
				Base,
			);
			mainGroup = BD3A43772413234D00C2B72E;
			packageReferences = (
				BDFD5B822414098E00E4C68A /* XCRemoteSwiftPackageReference "SDWebImage" */,
			);
			productRefGroup = BD3A43812413234D00C2B72E /* Products */;
			projectDirPath = "";
			projectRoot = "";
			targets = (
				BD3A437F2413234D00C2B72E /* 500px Test */,
			);
		};
/* End PBXProject section */

/* Begin PBXResourcesBuildPhase section */
		BD3A437E2413234D00C2B72E /* Resources */ = {
			isa = PBXResourcesBuildPhase;
			buildActionMask = 2147483647;
			files = (
				BD3A43902413235000C2B72E /* LaunchScreen.storyboard in Resources */,
				BD3A438D2413235000C2B72E /* Assets.xcassets in Resources */,
				BD3A438B2413234D00C2B72E /* Main.storyboard in Resources */,
			);
			runOnlyForDeploymentPostprocessing = 0;
		};
/* End PBXResourcesBuildPhase section */

/* Begin PBXSourcesBuildPhase section */
		BD3A437C2413234D00C2B72E /* Sources */ = {
			isa = PBXSourcesBuildPhase;
			buildActionMask = 2147483647;
			files = (
				BD3A43A4241325CB00C2B72E /* Endpoint.swift in Sources */,
				BD3A43A5241325CB00C2B72E /* NetworkRouter.swift in Sources */,
				BD3A43882413234D00C2B72E /* MainViewController.swift in Sources */,
				BD3A43842413234D00C2B72E /* AppDelegate.swift in Sources */,
				BD3A43B52414023300C2B72E /* PhotoItemCell.swift in Sources */,
				BD3A43A92413265500C2B72E /* PhotosApi.swift in Sources */,
				BD3A43A6241325CB00C2B72E /* Router.swift in Sources */,
				BD3A43A3241325CB00C2B72E /* JSONParameterEncoder.swift in Sources */,
				BD3A43A1241325CB00C2B72E /* ParameterEncoder.swift in Sources */,
				BD3A43AF24132C3500C2B72E /* Data+Extension.swift in Sources */,
				BD3A43A2241325CB00C2B72E /* URLParameterEncoder.swift in Sources */,
				BD310D012414387F00801041 /* PhotoDetailsController.swift in Sources */,
				BD3A43B22413352500C2B72E /* PhotoStream.swift in Sources */,
				BD3A43862413234D00C2B72E /* SceneDelegate.swift in Sources */,
			);
			runOnlyForDeploymentPostprocessing = 0;
		};
/* End PBXSourcesBuildPhase section */

/* Begin PBXVariantGroup section */
		BD3A43892413234D00C2B72E /* Main.storyboard */ = {
			isa = PBXVariantGroup;
			children = (
				BD3A438A2413234D00C2B72E /* Base */,
			);
			name = Main.storyboard;
			sourceTree = "<group>";
		};
		BD3A438E2413235000C2B72E /* LaunchScreen.storyboard */ = {
			isa = PBXVariantGroup;
			children = (
				BD3A438F2413235000C2B72E /* Base */,
			);
			name = LaunchScreen.storyboard;
			sourceTree = "<group>";
		};
/* End PBXVariantGroup section */

/* Begin XCBuildConfiguration section */
		BD3A43922413235000C2B72E /* Debug */ = {
			isa = XCBuildConfiguration;
			buildSettings = {
				ALWAYS_SEARCH_USER_PATHS = NO;
				CLANG_ANALYZER_NONNULL = YES;
				CLANG_ANALYZER_NUMBER_OBJECT_CONVERSION = YES_AGGRESSIVE;
				CLANG_CXX_LANGUAGE_STANDARD = "gnu++14";
				CLANG_CXX_LIBRARY = "libc++";
				CLANG_ENABLE_MODULES = YES;
				CLANG_ENABLE_OBJC_ARC = YES;
				CLANG_ENABLE_OBJC_WEAK = YES;
				CLANG_WARN_BLOCK_CAPTURE_AUTORELEASING = YES;
				CLANG_WARN_BOOL_CONVERSION = YES;
				CLANG_WARN_COMMA = YES;
				CLANG_WARN_CONSTANT_CONVERSION = YES;
				CLANG_WARN_DEPRECATED_OBJC_IMPLEMENTATIONS = YES;
				CLANG_WARN_DIRECT_OBJC_ISA_USAGE = YES_ERROR;
				CLANG_WARN_DOCUMENTATION_COMMENTS = YES;
				CLANG_WARN_EMPTY_BODY = YES;
				CLANG_WARN_ENUM_CONVERSION = YES;
				CLANG_WARN_INFINITE_RECURSION = YES;
				CLANG_WARN_INT_CONVERSION = YES;
				CLANG_WARN_NON_LITERAL_NULL_CONVERSION = YES;
				CLANG_WARN_OBJC_IMPLICIT_RETAIN_SELF = YES;
				CLANG_WARN_OBJC_LITERAL_CONVERSION = YES;
				CLANG_WARN_OBJC_ROOT_CLASS = YES_ERROR;
				CLANG_WARN_RANGE_LOOP_ANALYSIS = YES;
				CLANG_WARN_STRICT_PROTOTYPES = YES;
				CLANG_WARN_SUSPICIOUS_MOVE = YES;
				CLANG_WARN_UNGUARDED_AVAILABILITY = YES_AGGRESSIVE;
				CLANG_WARN_UNREACHABLE_CODE = YES;
				CLANG_WARN__DUPLICATE_METHOD_MATCH = YES;
				COPY_PHASE_STRIP = NO;
				DEBUG_INFORMATION_FORMAT = dwarf;
				ENABLE_STRICT_OBJC_MSGSEND = YES;
				ENABLE_TESTABILITY = YES;
				GCC_C_LANGUAGE_STANDARD = gnu11;
				GCC_DYNAMIC_NO_PIC = NO;
				GCC_NO_COMMON_BLOCKS = YES;
				GCC_OPTIMIZATION_LEVEL = 0;
				GCC_PREPROCESSOR_DEFINITIONS = (
					"DEBUG=1",
					"$(inherited)",
				);
				GCC_WARN_64_TO_32_BIT_CONVERSION = YES;
				GCC_WARN_ABOUT_RETURN_TYPE = YES_ERROR;
				GCC_WARN_UNDECLARED_SELECTOR = YES;
				GCC_WARN_UNINITIALIZED_AUTOS = YES_AGGRESSIVE;
				GCC_WARN_UNUSED_FUNCTION = YES;
				GCC_WARN_UNUSED_VARIABLE = YES;
				IPHONEOS_DEPLOYMENT_TARGET = 13.2;
				MTL_ENABLE_DEBUG_INFO = INCLUDE_SOURCE;
				MTL_FAST_MATH = YES;
				ONLY_ACTIVE_ARCH = YES;
				SDKROOT = iphoneos;
				SWIFT_ACTIVE_COMPILATION_CONDITIONS = DEBUG;
				SWIFT_OPTIMIZATION_LEVEL = "-Onone";
			};
			name = Debug;
		};
		BD3A43932413235000C2B72E /* Release */ = {
			isa = XCBuildConfiguration;
			buildSettings = {
				ALWAYS_SEARCH_USER_PATHS = NO;
				CLANG_ANALYZER_NONNULL = YES;
				CLANG_ANALYZER_NUMBER_OBJECT_CONVERSION = YES_AGGRESSIVE;
				CLANG_CXX_LANGUAGE_STANDARD = "gnu++14";
				CLANG_CXX_LIBRARY = "libc++";
				CLANG_ENABLE_MODULES = YES;
				CLANG_ENABLE_OBJC_ARC = YES;
				CLANG_ENABLE_OBJC_WEAK = YES;
				CLANG_WARN_BLOCK_CAPTURE_AUTORELEASING = YES;
				CLANG_WARN_BOOL_CONVERSION = YES;
				CLANG_WARN_COMMA = YES;
				CLANG_WARN_CONSTANT_CONVERSION = YES;
				CLANG_WARN_DEPRECATED_OBJC_IMPLEMENTATIONS = YES;
				CLANG_WARN_DIRECT_OBJC_ISA_USAGE = YES_ERROR;
				CLANG_WARN_DOCUMENTATION_COMMENTS = YES;
				CLANG_WARN_EMPTY_BODY = YES;
				CLANG_WARN_ENUM_CONVERSION = YES;
				CLANG_WARN_INFINITE_RECURSION = YES;
				CLANG_WARN_INT_CONVERSION = YES;
				CLANG_WARN_NON_LITERAL_NULL_CONVERSION = YES;
				CLANG_WARN_OBJC_IMPLICIT_RETAIN_SELF = YES;
				CLANG_WARN_OBJC_LITERAL_CONVERSION = YES;
				CLANG_WARN_OBJC_ROOT_CLASS = YES_ERROR;
				CLANG_WARN_RANGE_LOOP_ANALYSIS = YES;
				CLANG_WARN_STRICT_PROTOTYPES = YES;
				CLANG_WARN_SUSPICIOUS_MOVE = YES;
				CLANG_WARN_UNGUARDED_AVAILABILITY = YES_AGGRESSIVE;
				CLANG_WARN_UNREACHABLE_CODE = YES;
				CLANG_WARN__DUPLICATE_METHOD_MATCH = YES;
				COPY_PHASE_STRIP = NO;
				DEBUG_INFORMATION_FORMAT = "dwarf-with-dsym";
				ENABLE_NS_ASSERTIONS = NO;
				ENABLE_STRICT_OBJC_MSGSEND = YES;
				GCC_C_LANGUAGE_STANDARD = gnu11;
				GCC_NO_COMMON_BLOCKS = YES;
				GCC_WARN_64_TO_32_BIT_CONVERSION = YES;
				GCC_WARN_ABOUT_RETURN_TYPE = YES_ERROR;
				GCC_WARN_UNDECLARED_SELECTOR = YES;
				GCC_WARN_UNINITIALIZED_AUTOS = YES_AGGRESSIVE;
				GCC_WARN_UNUSED_FUNCTION = YES;
				GCC_WARN_UNUSED_VARIABLE = YES;
				IPHONEOS_DEPLOYMENT_TARGET = 13.2;
				MTL_ENABLE_DEBUG_INFO = NO;
				MTL_FAST_MATH = YES;
				SDKROOT = iphoneos;
				SWIFT_COMPILATION_MODE = wholemodule;
				SWIFT_OPTIMIZATION_LEVEL = "-O";
				VALIDATE_PRODUCT = YES;
			};
			name = Release;
		};
		BD3A43952413235000C2B72E /* Debug */ = {
			isa = XCBuildConfiguration;
			buildSettings = {
				ASSETCATALOG_COMPILER_APPICON_NAME = AppIcon;
				CODE_SIGN_STYLE = Automatic;
				DEVELOPMENT_TEAM = SFNG7GVEK8;
				INFOPLIST_FILE = "500px Test/Info.plist";
				LD_RUNPATH_SEARCH_PATHS = (
					"$(inherited)",
					"@executable_path/Frameworks",
				);
				PRODUCT_BUNDLE_IDENTIFIER = "viswa.-00px-Test";
				PRODUCT_NAME = "$(TARGET_NAME)";
				SWIFT_VERSION = 5.0;
				TARGETED_DEVICE_FAMILY = "1,2";
			};
			name = Debug;
		};
		BD3A43962413235000C2B72E /* Release */ = {
			isa = XCBuildConfiguration;
			buildSettings = {
				ASSETCATALOG_COMPILER_APPICON_NAME = AppIcon;
				CODE_SIGN_STYLE = Automatic;
				DEVELOPMENT_TEAM = SFNG7GVEK8;
				INFOPLIST_FILE = "500px Test/Info.plist";
				LD_RUNPATH_SEARCH_PATHS = (
					"$(inherited)",
					"@executable_path/Frameworks",
				);
				PRODUCT_BUNDLE_IDENTIFIER = "viswa.-00px-Test";
				PRODUCT_NAME = "$(TARGET_NAME)";
				SWIFT_VERSION = 5.0;
				TARGETED_DEVICE_FAMILY = "1,2";
			};
			name = Release;
		};
/* End XCBuildConfiguration section */

/* Begin XCConfigurationList section */
		BD3A437B2413234D00C2B72E /* Build configuration list for PBXProject "500px Test" */ = {
			isa = XCConfigurationList;
			buildConfigurations = (
				BD3A43922413235000C2B72E /* Debug */,
				BD3A43932413235000C2B72E /* Release */,
			);
			defaultConfigurationIsVisible = 0;
			defaultConfigurationName = Release;
		};
		BD3A43942413235000C2B72E /* Build configuration list for PBXNativeTarget "500px Test" */ = {
			isa = XCConfigurationList;
			buildConfigurations = (
				BD3A43952413235000C2B72E /* Debug */,
				BD3A43962413235000C2B72E /* Release */,
			);
			defaultConfigurationIsVisible = 0;
			defaultConfigurationName = Release;
		};
/* End XCConfigurationList section */

/* Begin XCRemoteSwiftPackageReference section */
		BDFD5B822414098E00E4C68A /* XCRemoteSwiftPackageReference "SDWebImage" */ = {
			isa = XCRemoteSwiftPackageReference;
			repositoryURL = "https://github.com/SDWebImage/SDWebImage";
			requirement = {
				kind = upToNextMajorVersion;
				minimumVersion = 5.6.0;
			};
		};
/* End XCRemoteSwiftPackageReference section */

/* Begin XCSwiftPackageProductDependency section */
		BDFD5B832414098E00E4C68A /* SDWebImage */ = {
			isa = XCSwiftPackageProductDependency;
			package = BDFD5B822414098E00E4C68A /* XCRemoteSwiftPackageReference "SDWebImage" */;
			productName = SDWebImage;
		};
/* End XCSwiftPackageProductDependency section */
	};
	rootObject = BD3A43782413234D00C2B72E /* Project object */;
}
